lockfileVersion: '9.0'

settings:
  autoInstallPeers: true
  excludeLinksFromLockfile: false

importers:

  .:
    dependencies:
      '@orama/orama':
        specifier: ^2.0.19
        version: 2.0.19
      '@orama/plugin-data-persistence':
        specifier: ^2.0.18
        version: 2.0.18
      '@sindresorhus/transliterate':
        specifier: ^1.6.0
        version: 1.6.0
      fuzzysort:
        specifier: ^3.0.1
        version: 3.0.1
      hast-util-from-html:
        specifier: ^2.0.1
        version: 2.0.1
      hast-util-select:
        specifier: ^6.0.2
        version: 6.0.2
      hast-util-to-text:
        specifier: ^4.0.2
        version: 4.0.2
      load-json-file:
        specifier: ^7.0.1
        version: 7.0.1
      meow:
        specifier: ^13.2.0
        version: 13.2.0
      parse-entities:
        specifier: ^4.0.1
        version: 4.0.1
      write-json-file:
        specifier: ^5.0.0
        version: 5.0.0

packages:

  '@msgpack/msgpack@2.8.0':
    resolution: {integrity: sha512-h9u4u/jiIRKbq25PM+zymTyW6bhTzELvOoUd+AvYriWOAKpLGnIamaET3pnHYoI5iYphAHBI4ayx0MehR+VVPQ==}
    engines: {node: '>= 10'}

  '@orama/orama@2.0.18':
    resolution: {integrity: sha512-KSty7+r8JxXv3iCuhLqQfwMvUiSWnXPaTPQPPoVPpwdvynEKcp1JNWKzTMB2tISDggf8jKhQXHEP3QXlGkvvtA==}
    engines: {node: '>= 16.0.0'}

  '@orama/orama@2.0.19':
    resolution: {integrity: sha512-9nlF5iYUghewRt2TDmAJO5TN4hYFPhql4d2ZAdJYJtGSIi2BZjMNQIqQ874w0q/rur67wp0AWLb020EakEN0aA==}
    engines: {node: '>= 16.0.0'}

  '@orama/plugin-data-persistence@2.0.18':
    resolution: {integrity: sha512-pT7I6/FoYx298ghg6Sp8rK1FWf+oe0wcZJ5kPVewtzqkKJ0FwBFZy42Oxv5L/0Ul3foOqe3b5cJXR+9TKebnhg==}

  '@sindresorhus/transliterate@1.6.0':
    resolution: {integrity: sha512-doH1gimEu3A46VX6aVxpHTeHrytJAG6HgdxntYnCFiIFHEM/ZGpG8KiZGBChchjQmG0XFIBL552kBTjVcMZXwQ==}
    engines: {node: '>=12'}

  '@types/hast@3.0.4':
    resolution: {integrity: sha512-WPs+bbQw5aCj+x6laNGWLH3wviHtoCv/P3+otBhbOhJgG8qtpdAMlTCxLtsTWA7LH1Oh/bFCHsBn0TPS5m30EQ==}

  '@types/unist@2.0.10':
    resolution: {integrity: sha512-IfYcSBWE3hLpBg8+X2SEa8LVkJdJEkT2Ese2aaLs3ptGdVtABxndrMaxuFlQ1qdFf9Q5rDvDpxI3WwgvKFAsQA==}

  '@types/unist@3.0.2':
    resolution: {integrity: sha512-dqId9J8K/vGi5Zr7oo212BGii5m3q5Hxlkwy3WpYuKPklmBEvsbMYYyLxAQpSffdLl/gdW0XUpKWFvYmyoWCoQ==}

  bcp-47-match@2.0.3:
    resolution: {integrity: sha512-JtTezzbAibu8G0R9op9zb3vcWZd9JF6M0xOYGPn0fNCd7wOpRB1mU2mH9T8gaBGbAAyIIVgB2G7xG0GP98zMAQ==}

  boolbase@1.0.0:
    resolution: {integrity: sha1-aN/1++YMUes3cl6p4+0xDcwed24=}

  character-entities-legacy@3.0.0:
    resolution: {integrity: sha512-RpPp0asT/6ufRm//AJVwpViZbGM/MkjQFxJccQRHmISF/22NBtsHqAWmL+/pmkPWoIUJdWyeVleTl1wydHATVQ==}

  character-entities@2.0.2:
    resolution: {integrity: sha512-shx7oQ0Awen/BRIdkjkvz54PnEEI/EjwXDSIZp86/KKdbafHh1Df/RYGBhn4hbe2+uKC9FnT5UCEdyPz3ai9hQ==}

  character-reference-invalid@2.0.1:
    resolution: {integrity: sha512-iBZ4F4wRbyORVsu0jPV7gXkOsGYjGHPmAyv+HiHG8gi5PtC9KI2j1+v8/tlibRvjoWX027ypmG/n0HtO5t7unw==}

  comma-separated-tokens@2.0.3:
    resolution: {integrity: sha512-Fu4hJdvzeylCfQPp9SGWidpzrMs7tTrlu6Vb8XGaRGck8QSNZJJp538Wrb60Lax4fPwR64ViY468OIUTbRlGZg==}

  css-selector-parser@3.0.5:
    resolution: {integrity: sha512-3itoDFbKUNx1eKmVpYMFyqKX04Ww9osZ+dLgrk6GEv6KMVeXUhUnp4I5X+evw+u3ZxVU6RFXSSRxlTeMh8bA+g==}

  decode-named-character-reference@1.0.2:
    resolution: {integrity: sha512-O8x12RzrUF8xyVcY0KJowWsmaJxQbmy0/EtnNtHRpsOcT7dFk5W598coHqBVpmWo1oQQfsCqfCmkZN5DJrZVdg==}

  dequal@2.0.3:
    resolution: {integrity: sha512-0je+qPKHEMohvfRTCEo3CrPG6cAzAYgmzKyxRiYSSDkS6eGJdyVJm7WaYA5ECaAD9wLB2T4EEeymA5aFVcYXCA==}
    engines: {node: '>=6'}

  detect-indent@7.0.1:
    resolution: {integrity: sha512-Mc7QhQ8s+cLrnUfU/Ji94vG/r8M26m8f++vyres4ZoojaRDpZ1eSIh/EpzLNwlWuvzSZ3UbDFspjFvTDXe6e/g==}
    engines: {node: '>=12.20'}

  devlop@1.1.0:
    resolution: {integrity: sha512-RWmIqhcFf1lRYBvNmr7qTNuyCt/7/ns2jbpp1+PalgE/rDQcBT0fioSMUpJ93irlUhC5hrg4cYqe6U+0ImW0rA==}

  direction@2.0.1:
    resolution: {integrity: sha512-9S6m9Sukh1cZNknO1CWAr2QAWsbKLafQiyM5gZ7VgXHeuaoUwffKN4q6NC4A/Mf9iiPlOXQEKW/Mv/mh9/3YFA==}
    hasBin: true

  dpack@0.6.22:
    resolution: {integrity: sha512-WGPNlW2OAE7Bj0eODMpAHUcEqxrlg01e9OFZDxQodminIgC194/cRHT7K04Z1j7AUEWTeeplYGrIv/xRdwU9Hg==}

  entities@4.5.0:
    resolution: {integrity: sha512-V0hjH4dGPh9Ao5p0MoRY6BVqtwCjhz6vI5LT8AJ55H+4g9/4vbHx1I54fS0XuclLhDHArPQCiMjDxjaL8fPxhw==}
    engines: {node: '>=0.12'}

  escape-string-regexp@5.0.0:
    resolution: {integrity: sha512-/veY75JbMK4j1yjvuUxuVsiS/hr/4iHs9FTT6cgTexxdE0Ly/glccBAkloH/DofkjRbZU3bnoj38mOmhkZ0lHw==}
    engines: {node: '>=12'}

  fuzzysort@3.0.1:
    resolution: {integrity: sha512-jpiSrv+j2GwtI13z3vzdBAD5m7iVH23spSZwJrD657dfr6jUV2Jyc5YuSPKirmTp9OqnJbHudPIBGIId1bCWmA==}

  hast-util-from-html@2.0.1:
    resolution: {integrity: sha512-RXQBLMl9kjKVNkJTIO6bZyb2n+cUH8LFaSSzo82jiLT6Tfc+Pt7VQCS+/h3YwG4jaNE2TA2sdJisGWR+aJrp0g==}

  hast-util-from-parse5@8.0.1:
    resolution: {integrity: sha512-Er/Iixbc7IEa7r/XLtuG52zoqn/b3Xng/w6aZQ0xGVxzhw5xUFxcRqdPzP6yFi/4HBYRaifaI5fQ1RH8n0ZeOQ==}

  hast-util-has-property@3.0.0:
    resolution: {integrity: sha512-MNilsvEKLFpV604hwfhVStK0usFY/QmM5zX16bo7EjnAEGofr5YyI37kzopBlZJkHD4t887i+q/C8/tr5Q94cA==}

  hast-util-is-element@3.0.0:
    resolution: {integrity: sha512-Val9mnv2IWpLbNPqc/pUem+a7Ipj2aHacCwgNfTiK0vJKl0LF+4Ba4+v1oPHFpf3bLYmreq0/l3Gud9S5OH42g==}

  hast-util-parse-selector@4.0.0:
    resolution: {integrity: sha512-wkQCkSYoOGCRKERFWcxMVMOcYE2K1AaNLU8DXS9arxnLOUEWbOXKXiJUNzEpqZ3JOKpnha3jkFrumEjVliDe7A==}

  hast-util-select@6.0.2:
    resolution: {integrity: sha512-hT/SD/d/Meu+iobvgkffo1QecV8WeKWxwsNMzcTJsKw1cKTQKSR/7ArJeURLNJF9HDjp9nVoORyNNJxrvBye8Q==}

  hast-util-to-string@3.0.0:
    resolution: {integrity: sha512-OGkAxX1Ua3cbcW6EJ5pT/tslVb90uViVkcJ4ZZIMW/R33DX/AkcJcRrPebPwJkHYwlDHXz4aIwvAAaAdtrACFA==}

  hast-util-to-text@4.0.2:
    resolution: {integrity: sha512-KK6y/BN8lbaq654j7JgBydev7wuNMcID54lkRav1P0CaE1e47P72AWWPiGKXTJU271ooYzcvTAn/Zt0REnvc7A==}

  hast-util-whitespace@3.0.0:
    resolution: {integrity: sha512-88JUN06ipLwsnv+dVn+OIYOvAuvBMy/Qoi6O7mQHxdPXpjy+Cd6xRkWwux7DKO+4sYILtLBRIKgsdpS2gQc7qw==}

  hastscript@8.0.0:
    resolution: {integrity: sha512-dMOtzCEd3ABUeSIISmrETiKuyydk1w0pa+gE/uormcTpSYuaNJPbX1NU3JLyscSLjwAQM8bWMhhIlnCqnRvDTw==}

  imurmurhash@0.1.4:
    resolution: {integrity: sha1-khi5srkoojixPcT7a21XbyMUU+o=}
    engines: {node: '>=0.8.19'}

  is-alphabetical@2.0.1:
    resolution: {integrity: sha512-FWyyY60MeTNyeSRpkM2Iry0G9hpr7/9kD40mD/cGQEuilcZYS4okz8SN2Q6rLCJ8gbCt6fN+rC+6tMGS99LaxQ==}

  is-alphanumerical@2.0.1:
    resolution: {integrity: sha512-hmbYhX/9MUMF5uh7tOXyK/n0ZvWpad5caBA17GsC6vyuCqaWliRG5K1qS9inmUhEMaOBIW7/whAnSwveW/LtZw==}

  is-decimal@2.0.1:
    resolution: {integrity: sha512-AAB9hiomQs5DXWcRB1rqsxGUstbRroFOPPVAomNk/3XHR5JyEZChOyTWe2oayKnsSsr/kcGqF+z6yuH6HHpN0A==}

  is-hexadecimal@2.0.1:
    resolution: {integrity: sha512-DgZQp241c8oO6cA1SbTEWiXeoxV42vlcJxgH+B3hi1AiqqKruZR3ZGF8In3fj4+/y/7rHvlOZLZtgJ/4ttYGZg==}

  is-plain-obj@4.1.0:
    resolution: {integrity: sha512-+Pgi+vMuUNkJyExiMBt5IlFoMyKnr5zhJ4Uspz58WOhBF5QoIZkFyNHIbBAtHwzVAgk5RtndVNsDRN61/mmDqg==}
    engines: {node: '>=12'}

  is-typedarray@1.0.0:
    resolution: {integrity: sha1-5HnICFjfDBsR3dppQPlgEfzaSpo=}

  load-json-file@7.0.1:
    resolution: {integrity: sha512-Gnxj3ev3mB5TkVBGad0JM6dmLiQL+o0t23JPBZ9sd+yvSLk05mFoqKBw5N8gbbkU4TNXyqCgIrl/VM17OgUIgQ==}
    engines: {node: ^12.20.0 || ^14.13.1 || >=16.0.0}

  meow@13.2.0:
    resolution: {integrity: sha512-pxQJQzB6djGPXh08dacEloMFopsOqGVRKFPYvPOt9XDZ1HasbgDZA74CJGreSU4G3Ak7EFJGoiH2auq+yXISgA==}
    engines: {node: '>=18'}

  not@0.1.0:
    resolution: {integrity: sha1-yWkcF0bFXc++VMvYvU/wQbwrUZ0=}

  nth-check@2.1.1:
    resolution: {integrity: sha512-lqjrjmaOoAnWfMmBPL+XNnynZh2+swxiX3WUE0s4yEHI6m+AwrK2UZOimIRl3X/4QctVqS8AiZjFqyOGrMXb/w==}

  parse-entities@4.0.1:
    resolution: {integrity: sha512-SWzvYcSJh4d/SGLIOQfZ/CoNv6BTlI6YEQ7Nj82oDVnRpwe/Z/F1EMx42x3JAOwGBlCjeCH0BRJQbQ/opHL17w==}

  parse5@7.1.2:
    resolution: {integrity: sha512-Czj1WaSVpaoj0wbhMzLmWD69anp2WH7FXMB9n1Sy8/ZFF9jolSQVMu1Ij5WIyGmcBmhk7EOndpO4mIpihVqAXw==}

  property-information@6.5.0:
    resolution: {integrity: sha512-PgTgs/BlvHxOu8QuEN7wi5A0OmXaBcHpmCSTehcs6Uuu9IkDIEo13Hy7n898RHfrQ49vKCoGeWZSaAK01nwVig==}

  signal-exit@3.0.7:
    resolution: {integrity: sha512-wnD2ZE+l+SPC/uoS0vXeE9L1+0wuaMqKlfz9AMUo38JsyLSBWSFcHR1Rri62LZc12vLr1gb3jl7iwQhgwpAbGQ==}

  sort-keys@5.0.0:
    resolution: {integrity: sha512-Pdz01AvCAottHTPQGzndktFNdbRA75BgOfeT1hH+AMnJFv8lynkPi42rfeEhpx1saTEI3YNMWxfqu0sFD1G8pw==}
    engines: {node: '>=12'}

  space-separated-tokens@2.0.2:
    resolution: {integrity: sha512-PEGlAwrG8yXGXRjW32fGbg66JAlOAwbObuqVoJpv/mRgoWDQfgH1wDPvtzWyUSNAXBGSk8h755YDbbcEy3SH2Q==}

  typedarray-to-buffer@3.1.5:
    resolution: {integrity: sha512-zdu8XMNEDepKKR+XYOXAVPtWui0ly0NtohUscw+UmaHiAWT8hrV1rr//H6V+0DvJ3OQ19S979M0laLfX8rm82Q==}

  unist-util-find-after@5.0.0:
    resolution: {integrity: sha512-amQa0Ep2m6hE2g72AugUItjbuM8X8cGQnFoHk0pGfrFeT9GZhzN5SW8nRsiGKK7Aif4CrACPENkA6P/Lw6fHGQ==}

  unist-util-is@6.0.0:
    resolution: {integrity: sha512-2qCTHimwdxLfz+YzdGfkqNlH0tLi9xjTnHddPmJwtIG9MGsdbutfTc4P+haPD7l7Cjxf/WZj+we5qfVPvvxfYw==}

  unist-util-stringify-position@4.0.0:
    resolution: {integrity: sha512-0ASV06AAoKCDkS2+xw5RXJywruurpbC4JZSm7nr7MOt1ojAzvyyaO+UxZf18j8FCF6kmzCZKcAgN/yu2gm2XgQ==}

  unist-util-visit-parents@6.0.1:
    resolution: {integrity: sha512-L/PqWzfTP9lzzEa6CKs0k2nARxTdZduw3zyh8d2NVBnsyvHjSX4TWse388YrrQKbvI8w20fGjGlhgT96WwKykw==}

  unist-util-visit@5.0.0:
    resolution: {integrity: sha512-MR04uvD+07cwl/yhVuVWAtw+3GOR/knlL55Nd/wAdblk27GCVt3lqpTivy/tkJcZoNPzTwS1Y+KMojlLDhoTzg==}

  vfile-location@5.0.2:
    resolution: {integrity: sha512-NXPYyxyBSH7zB5U6+3uDdd6Nybz6o6/od9rk8bp9H8GR3L+cm/fC0uUTbqBmUTnMCUDslAGBOIKNfvvb+gGlDg==}

  vfile-message@4.0.2:
    resolution: {integrity: sha512-jRDZ1IMLttGj41KcZvlrYAaI3CfqpLpfpf+Mfig13viT6NKvRzWZ+lXz0Y5D60w6uJIBAOGq9mSHf0gktF0duw==}

  vfile@6.0.1:
    resolution: {integrity: sha512-1bYqc7pt6NIADBJ98UiG0Bn/CHIVOoZ/IyEkqIruLg0mE1BKzkOXY2D6CSqQIcKqgadppE5lrxgWXJmXd7zZJw==}

  web-namespaces@2.0.1:
    resolution: {integrity: sha512-bKr1DkiNa2krS7qxNtdrtHAmzuYGFQLiQ13TsorsdT6ULTkPLKuu5+GsFpDlg6JFjUTwX2DyhMPG2be8uPrqsQ==}

  write-file-atomic@3.0.3:
    resolution: {integrity: sha512-AvHcyZ5JnSfq3ioSyjrBkH9yW4m7Ayk8/9My/DD9onKeu/94fwrMocemO2QAJFAlnnDN+ZDS+ZjAR5ua1/PV/Q==}

  write-json-file@5.0.0:
    resolution: {integrity: sha512-ddSsCLa4aQ3kI21BthINo4q905/wfhvQ3JL3774AcRjBaiQmfn5v4rw77jQ7T6CmAit9VOQO+FsLyPkwxoB1fw==}
    engines: {node: ^12.20.0 || ^14.13.1 || >=16.0.0}

  zwitch@2.0.4:
    resolution: {integrity: sha512-bXE4cR/kVZhKZX/RjPEflHaKVhUVl85noU3v6b8apfQEc1x4A+zBxjZ4lN8LqGd6WZ3dl98pY4o717VFmoPp+A==}

snapshots:

  '@msgpack/msgpack@2.8.0': {}

  '@orama/orama@2.0.18': {}

  '@orama/orama@2.0.19': {}

  '@orama/plugin-data-persistence@2.0.18':
    dependencies:
      '@msgpack/msgpack': 2.8.0
      '@orama/orama': 2.0.18
      dpack: 0.6.22

  '@sindresorhus/transliterate@1.6.0':
    dependencies:
      escape-string-regexp: 5.0.0

  '@types/hast@3.0.4':
    dependencies:
      '@types/unist': 3.0.2

  '@types/unist@2.0.10': {}

  '@types/unist@3.0.2': {}

  bcp-47-match@2.0.3: {}

  boolbase@1.0.0: {}

  character-entities-legacy@3.0.0: {}

  character-entities@2.0.2: {}

  character-reference-invalid@2.0.1: {}

  comma-separated-tokens@2.0.3: {}

  css-selector-parser@3.0.5: {}

  decode-named-character-reference@1.0.2:
    dependencies:
      character-entities: 2.0.2

  dequal@2.0.3: {}

  detect-indent@7.0.1: {}

  devlop@1.1.0:
    dependencies:
      dequal: 2.0.3

  direction@2.0.1: {}

  dpack@0.6.22: {}

  entities@4.5.0: {}

  escape-string-regexp@5.0.0: {}

  fuzzysort@3.0.1: {}

  hast-util-from-html@2.0.1:
    dependencies:
      '@types/hast': 3.0.4
      devlop: 1.1.0
      hast-util-from-parse5: 8.0.1
      parse5: 7.1.2
      vfile: 6.0.1
      vfile-message: 4.0.2

  hast-util-from-parse5@8.0.1:
    dependencies:
      '@types/hast': 3.0.4
      '@types/unist': 3.0.2
      devlop: 1.1.0
      hastscript: 8.0.0
      property-information: 6.5.0
      vfile: 6.0.1
      vfile-location: 5.0.2
      web-namespaces: 2.0.1

  hast-util-has-property@3.0.0:
    dependencies:
      '@types/hast': 3.0.4

  hast-util-is-element@3.0.0:
    dependencies:
      '@types/hast': 3.0.4

  hast-util-parse-selector@4.0.0:
    dependencies:
      '@types/hast': 3.0.4

  hast-util-select@6.0.2:
    dependencies:
      '@types/hast': 3.0.4
      '@types/unist': 3.0.2
      bcp-47-match: 2.0.3
      comma-separated-tokens: 2.0.3
      css-selector-parser: 3.0.5
      devlop: 1.1.0
      direction: 2.0.1
      hast-util-has-property: 3.0.0
      hast-util-to-string: 3.0.0
      hast-util-whitespace: 3.0.0
      not: 0.1.0
      nth-check: 2.1.1
      property-information: 6.5.0
      space-separated-tokens: 2.0.2
      unist-util-visit: 5.0.0
      zwitch: 2.0.4

  hast-util-to-string@3.0.0:
    dependencies:
      '@types/hast': 3.0.4

  hast-util-to-text@4.0.2:
    dependencies:
      '@types/hast': 3.0.4
      '@types/unist': 3.0.2
      hast-util-is-element: 3.0.0
      unist-util-find-after: 5.0.0

  hast-util-whitespace@3.0.0:
    dependencies:
      '@types/hast': 3.0.4

  hastscript@8.0.0:
    dependencies:
      '@types/hast': 3.0.4
      comma-separated-tokens: 2.0.3
      hast-util-parse-selector: 4.0.0
      property-information: 6.5.0
      space-separated-tokens: 2.0.2

  imurmurhash@0.1.4: {}

  is-alphabetical@2.0.1: {}

  is-alphanumerical@2.0.1:
    dependencies:
      is-alphabetical: 2.0.1
      is-decimal: 2.0.1

  is-decimal@2.0.1: {}

  is-hexadecimal@2.0.1: {}

  is-plain-obj@4.1.0: {}

  is-typedarray@1.0.0: {}

  load-json-file@7.0.1: {}

  meow@13.2.0: {}

  not@0.1.0: {}

  nth-check@2.1.1:
    dependencies:
      boolbase: 1.0.0

  parse-entities@4.0.1:
    dependencies:
      '@types/unist': 2.0.10
      character-entities: 2.0.2
      character-entities-legacy: 3.0.0
      character-reference-invalid: 2.0.1
      decode-named-character-reference: 1.0.2
      is-alphanumerical: 2.0.1
      is-decimal: 2.0.1
      is-hexadecimal: 2.0.1

  parse5@7.1.2:
    dependencies:
      entities: 4.5.0

  property-information@6.5.0: {}

  signal-exit@3.0.7: {}

  sort-keys@5.0.0:
    dependencies:
      is-plain-obj: 4.1.0

  space-separated-tokens@2.0.2: {}

  typedarray-to-buffer@3.1.5:
    dependencies:
      is-typedarray: 1.0.0

  unist-util-find-after@5.0.0:
    dependencies:
      '@types/unist': 3.0.2
      unist-util-is: 6.0.0

  unist-util-is@6.0.0:
    dependencies:
      '@types/unist': 3.0.2

  unist-util-stringify-position@4.0.0:
    dependencies:
      '@types/unist': 3.0.2

  unist-util-visit-parents@6.0.1:
    dependencies:
      '@types/unist': 3.0.2
      unist-util-is: 6.0.0

  unist-util-visit@5.0.0:
    dependencies:
      '@types/unist': 3.0.2
      unist-util-is: 6.0.0
      unist-util-visit-parents: 6.0.1

  vfile-location@5.0.2:
    dependencies:
      '@types/unist': 3.0.2
      vfile: 6.0.1

  vfile-message@4.0.2:
    dependencies:
      '@types/unist': 3.0.2
      unist-util-stringify-position: 4.0.0

  vfile@6.0.1:
    dependencies:
      '@types/unist': 3.0.2
      unist-util-stringify-position: 4.0.0
      vfile-message: 4.0.2

  web-namespaces@2.0.1: {}

  write-file-atomic@3.0.3:
    dependencies:
      imurmurhash: 0.1.4
      is-typedarray: 1.0.0
      signal-exit: 3.0.7
      typedarray-to-buffer: 3.1.5

  write-json-file@5.0.0:
    dependencies:
      detect-indent: 7.0.1
      is-plain-obj: 4.1.0
      sort-keys: 5.0.0
      write-file-atomic: 3.0.3

  zwitch@2.0.4: {}
